
Microsoft Visual Studio Solution File, Format Version 12.00
# Visual Studio Version 17
VisualStudioVersion = 17.14.36623.8 d17.14
MinimumVisualStudioVersion = 10.0.40219.1
Project("{FAE04EC0-301F-11D3-BF4B-00C04F79EFBC}") = "SignalRChat", "SignalRChat\SignalRChat.csproj", "{F1A32174-99CC-4AFE-8708-60631A5D4796}"
EndProject
Global
	GlobalSection(SolutionConfigurationPlatforms) = preSolution
		Debug|Any CPU = Debug|Any CPU
		Release|Any CPU = Release|Any CPU
	EndGlobalSection
	GlobalSection(ProjectConfigurationPlatforms) = postSolution
		{F1A32174-99CC-4AFE-8708-60631A5D4796}.Debug|Any CPU.ActiveCfg = Debug|Any CPU
		{F1A32174-99CC-4AFE-8708-60631A5D4796}.Debug|Any CPU.Build.0 = Debug|Any CPU
		{F1A32174-99CC-4AFE-8708-60631A5D4796}.Release|Any CPU.ActiveCfg = Release|Any CPU
		{F1A32174-99CC-4AFE-8708-60631A5D4796}.Release|Any CPU.Build.0 = Release|Any CPU
	EndGlobalSection
	GlobalSection(SolutionProperties) = preSolution
		HideSolutionNode = FALSE
	EndGlobalSection
	GlobalSection(ExtensibilityGlobals) = postSolution
		SolutionGuid = {80B5A824-C156-4CF0-924B-53A327430E23}
	EndGlobalSection
EndGlobal
