
Microsoft Visual Studio Solution File, Format Version 12.00
# Visual Studio Version 17
VisualStudioVersion = 17.14.36623.8
MinimumVisualStudioVersion = 10.0.40219.1
Project("{FAE04EC0-301F-11D3-BF4B-00C04F79EFBC}") = "SignalRChat", "SignalRChat\SignalRChat.csproj", "{F1A32174-99CC-4AFE-8708-60631A5D4796}"
EndProject
Project("{FAE04EC0-301F-11D3-BF4B-00C04F79EFBC}") = "ChatApp.Server", "ChatApp.Server\ChatApp.Server.csproj", "{C998E832-7475-4076-B500-913E807475B0}"
EndProject
Project("{FAE04EC0-301F-11D3-BF4B-00C04F79EFBC}") = "ChatApp.Client", "ChatApp.Client\ChatApp.Client.csproj", "{F18C4F6F-A000-4A54-927F-9583DDBD5D0B}"
EndProject
Project("{FAE04EC0-301F-11D3-BF4B-00C04F79EFBC}") = "ChatApp.Shared", "ChatApp.Shared\ChatApp.Shared.csproj", "{70BB3319-321F-4CF1-A238-EE3CC8DA6565}"
EndProject
Global
	GlobalSection(SolutionConfigurationPlatforms) = preSolution
		Debug|Any CPU = Debug|Any CPU
		Release|Any CPU = Release|Any CPU
	EndGlobalSection
	GlobalSection(ProjectConfigurationPlatforms) = postSolution
		{F1A32174-99CC-4AFE-8708-60631A5D4796}.Debug|Any CPU.ActiveCfg = Debug|Any CPU
		{F1A32174-99CC-4AFE-8708-60631A5D4796}.Debug|Any CPU.Build.0 = Debug|Any CPU
		{F1A32174-99CC-4AFE-8708-60631A5D4796}.Release|Any CPU.ActiveCfg = Release|Any CPU
		{F1A32174-99CC-4AFE-8708-60631A5D4796}.Release|Any CPU.Build.0 = Release|Any CPU
		{C998E832-7475-4076-B500-913E807475B0}.Debug|Any CPU.ActiveCfg = Debug|Any CPU
		{C998E832-7475-4076-B500-913E807475B0}.Debug|Any CPU.Build.0 = Debug|Any CPU
		{C998E832-7475-4076-B500-913E807475B0}.Release|Any CPU.ActiveCfg = Release|Any CPU
		{C998E832-7475-4076-B500-913E807475B0}.Release|Any CPU.Build.0 = Release|Any CPU
		{F18C4F6F-A000-4A54-927F-9583DDBD5D0B}.Debug|Any CPU.ActiveCfg = Debug|Any CPU
		{F18C4F6F-A000-4A54-927F-9583DDBD5D0B}.Debug|Any CPU.Build.0 = Debug|Any CPU
		{F18C4F6F-A000-4A54-927F-9583DDBD5D0B}.Release|Any CPU.ActiveCfg = Release|Any CPU
		{F18C4F6F-A000-4A54-927F-9583DDBD5D0B}.Release|Any CPU.Build.0 = Release|Any CPU
		{70BB3319-321F-4CF1-A238-EE3CC8DA6565}.Debug|Any CPU.ActiveCfg = Debug|Any CPU
		{70BB3319-321F-4CF1-A238-EE3CC8DA6565}.Debug|Any CPU.Build.0 = Debug|Any CPU
		{70BB3319-321F-4CF1-A238-EE3CC8DA6565}.Release|Any CPU.ActiveCfg = Release|Any CPU
		{70BB3319-321F-4CF1-A238-EE3CC8DA6565}.Release|Any CPU.Build.0 = Release|Any CPU
	EndGlobalSection
	GlobalSection(SolutionProperties) = preSolution
		HideSolutionNode = FALSE
	EndGlobalSection
	GlobalSection(ExtensibilityGlobals) = postSolution
		SolutionGuid = {80B5A824-C156-4CF0-924B-53A327430E23}
	EndGlobalSection
EndGlobal
